
Microsoft Visual Studio Solution File, Format Version 12.00
# Visual Studio Version 17
VisualStudioVersion = 17.11.35303.130
MinimumVisualStudioVersion = 10.0.40219.1
Project("{FAE04EC0-301F-11D3-BF4B-00C04F79EFBC}") = "MasterFloor", "MasterFloor\MasterFloor.csproj", "{D7BB42D2-30FF-4054-8872-6585D63D7C3E}"
EndProject
Global
	GlobalSection(SolutionConfigurationPlatforms) = preSolution
		Debug|Any CPU = Debug|Any CPU
		Release|Any CPU = Release|Any CPU
	EndGlobalSection
	GlobalSection(ProjectConfigurationPlatforms) = postSolution
		{D7BB42D2-30FF-4054-8872-6585D63D7C3E}.Debug|Any CPU.ActiveCfg = Debug|Any CPU
		{D7BB42D2-30FF-4054-8872-6585D63D7C3E}.Debug|Any CPU.Build.0 = Debug|Any CPU
		{D7BB42D2-30FF-4054-8872-6585D63D7C3E}.Release|Any CPU.ActiveCfg = Release|Any CPU
		{D7BB42D2-30FF-4054-8872-6585D63D7C3E}.Release|Any CPU.Build.0 = Release|Any CPU
	EndGlobalSection
	GlobalSection(SolutionProperties) = preSolution
		HideSolutionNode = FALSE
	EndGlobalSection
	GlobalSection(ExtensibilityGlobals) = postSolution
		SolutionGuid = {578E718C-22D4-449D-B60E-7C979099ED1B}
	EndGlobalSection
EndGlobal
